{
  "name": "fake-tab",
  "version": "1.0.0",
  "lockfileVersion": 3,
  "requires": true,
  "packages": {
    "": {
      "name": "fake-tab",
      "version": "1.0.0",
      "license": "ISC",
      "dependencies": {
        "emoji-picker-element": "^1.28.0"
      }
    },
    "node_modules/emoji-picker-element": {
      "version": "1.28.0",
      "resolved": "https://registry.npmjs.org/emoji-picker-element/-/emoji-picker-element-1.28.0.tgz",
      "integrity": "sha512-gzRyaxUQKfnEt7xURdbyEGd+ifRy9FiIgU6I9ovABDOW6n4YrUZBAnYjP00BmVBiH1uxCkaUOrutbzTswCXSkw==",
      "license": "Apache-2.0"
    }
  }
}
